
Microsoft Visual Studio Solution File, Format Version 12.00
# Visual Studio Version 17
VisualStudioVersion = 17.5.002.0
MinimumVisualStudioVersion = 10.0.40219.1
Project("{2150E333-8FDC-42A3-9474-1A3956D46DE8}") = "lesson1", "lesson1", "{A0902977-B2B7-43D1-ABB7-6E7151221D29}"
EndProject
Project("{9A19103F-16F7-4668-BE54-9A1E7A4F7556}") = "Magic", "lesson1\Magic\Magic.csproj", "{D1810FCB-FAAC-449E-9E3F-6C91D7D6A29D}"
EndProject
Project("{9A19103F-16F7-4668-BE54-9A1E7A4F7556}") = "helloConsole", "lesson1\helloConsole\helloConsole.csproj", "{0B83CF40-78B3-4E28-89CE-168E256D40AF}"
EndProject
Project("{9A19103F-16F7-4668-BE54-9A1E7A4F7556}") = "IfElse", "lesson1\IfElse\IfElse.csproj", "{438EF4FF-706C-4BFC-8F14-BDC8F24F9F1B}"
EndProject
Project("{9A19103F-16F7-4668-BE54-9A1E7A4F7556}") = "hellouser", "lesson1\hellouser\hellouser.csproj", "{85C72270-341A-4B9E-860C-7B62A8F67828}"
EndProject
Project("{9A19103F-16F7-4668-BE54-9A1E7A4F7556}") = "Sum", "lesson1\Sum\Sum.csproj", "{9F9D2850-9E09-4C60-AAEC-1A2D7CAF9374}"
EndProject
Project("{9A19103F-16F7-4668-BE54-9A1E7A4F7556}") = "Dif", "lesson1\Dif\Dif.csproj", "{9CB1FC4D-CBB4-4146-B9D7-789F2054D08F}"
EndProject
Project("{9A19103F-16F7-4668-BE54-9A1E7A4F7556}") = "Base", "lesson1\Base\Base.csproj", "{51503CB2-FEDF-40B5-9C86-AEDD144E3066}"
EndProject
Project("{2150E333-8FDC-42A3-9474-1A3956D46DE8}") = "Seminar", "Seminar", "{1A692E71-7EAD-4B15-B74A-F604A13FED70}"
EndProject
Project("{9A19103F-16F7-4668-BE54-9A1E7A4F7556}") = "practice4", "Seminar\practice4\practice4.csproj", "{3BBD1C28-6093-4ADD-8794-CC5228F2B458}"
EndProject
Project("{9A19103F-16F7-4668-BE54-9A1E7A4F7556}") = "practice3", "Seminar\practice3\practice3.csproj", "{F3584412-8D24-4B19-B26D-11A076C06B7E}"
EndProject
Project("{9A19103F-16F7-4668-BE54-9A1E7A4F7556}") = "practice2", "Seminar\practice2\practice2.csproj", "{641E7D06-EB4A-4CE5-B605-EA17E6EACF6C}"
EndProject
Project("{9A19103F-16F7-4668-BE54-9A1E7A4F7556}") = "lesson", "Seminar\lesson\lesson.csproj", "{3AA39FCE-A0AA-453F-A0E7-C97A6978230A}"
EndProject
Project("{9A19103F-16F7-4668-BE54-9A1E7A4F7556}") = "practice", "Seminar\practice\practice.csproj", "{4B5494FF-8B14-42D1-91B7-00587BAF3248}"
EndProject
Global
	GlobalSection(SolutionConfigurationPlatforms) = preSolution
		Debug|Any CPU = Debug|Any CPU
		Release|Any CPU = Release|Any CPU
	EndGlobalSection
	GlobalSection(ProjectConfigurationPlatforms) = postSolution
		{D1810FCB-FAAC-449E-9E3F-6C91D7D6A29D}.Debug|Any CPU.ActiveCfg = Debug|Any CPU
		{D1810FCB-FAAC-449E-9E3F-6C91D7D6A29D}.Debug|Any CPU.Build.0 = Debug|Any CPU
		{D1810FCB-FAAC-449E-9E3F-6C91D7D6A29D}.Release|Any CPU.ActiveCfg = Release|Any CPU
		{D1810FCB-FAAC-449E-9E3F-6C91D7D6A29D}.Release|Any CPU.Build.0 = Release|Any CPU
		{0B83CF40-78B3-4E28-89CE-168E256D40AF}.Debug|Any CPU.ActiveCfg = Debug|Any CPU
		{0B83CF40-78B3-4E28-89CE-168E256D40AF}.Debug|Any CPU.Build.0 = Debug|Any CPU
		{0B83CF40-78B3-4E28-89CE-168E256D40AF}.Release|Any CPU.ActiveCfg = Release|Any CPU
		{0B83CF40-78B3-4E28-89CE-168E256D40AF}.Release|Any CPU.Build.0 = Release|Any CPU
		{438EF4FF-706C-4BFC-8F14-BDC8F24F9F1B}.Debug|Any CPU.ActiveCfg = Debug|Any CPU
		{438EF4FF-706C-4BFC-8F14-BDC8F24F9F1B}.Debug|Any CPU.Build.0 = Debug|Any CPU
		{438EF4FF-706C-4BFC-8F14-BDC8F24F9F1B}.Release|Any CPU.ActiveCfg = Release|Any CPU
		{438EF4FF-706C-4BFC-8F14-BDC8F24F9F1B}.Release|Any CPU.Build.0 = Release|Any CPU
		{85C72270-341A-4B9E-860C-7B62A8F67828}.Debug|Any CPU.ActiveCfg = Debug|Any CPU
		{85C72270-341A-4B9E-860C-7B62A8F67828}.Debug|Any CPU.Build.0 = Debug|Any CPU
		{85C72270-341A-4B9E-860C-7B62A8F67828}.Release|Any CPU.ActiveCfg = Release|Any CPU
		{85C72270-341A-4B9E-860C-7B62A8F67828}.Release|Any CPU.Build.0 = Release|Any CPU
		{9F9D2850-9E09-4C60-AAEC-1A2D7CAF9374}.Debug|Any CPU.ActiveCfg = Debug|Any CPU
		{9F9D2850-9E09-4C60-AAEC-1A2D7CAF9374}.Debug|Any CPU.Build.0 = Debug|Any CPU
		{9F9D2850-9E09-4C60-AAEC-1A2D7CAF9374}.Release|Any CPU.ActiveCfg = Release|Any CPU
		{9F9D2850-9E09-4C60-AAEC-1A2D7CAF9374}.Release|Any CPU.Build.0 = Release|Any CPU
		{9CB1FC4D-CBB4-4146-B9D7-789F2054D08F}.Debug|Any CPU.ActiveCfg = Debug|Any CPU
		{9CB1FC4D-CBB4-4146-B9D7-789F2054D08F}.Debug|Any CPU.Build.0 = Debug|Any CPU
		{9CB1FC4D-CBB4-4146-B9D7-789F2054D08F}.Release|Any CPU.ActiveCfg = Release|Any CPU
		{9CB1FC4D-CBB4-4146-B9D7-789F2054D08F}.Release|Any CPU.Build.0 = Release|Any CPU
		{51503CB2-FEDF-40B5-9C86-AEDD144E3066}.Debug|Any CPU.ActiveCfg = Debug|Any CPU
		{51503CB2-FEDF-40B5-9C86-AEDD144E3066}.Debug|Any CPU.Build.0 = Debug|Any CPU
		{51503CB2-FEDF-40B5-9C86-AEDD144E3066}.Release|Any CPU.ActiveCfg = Release|Any CPU
		{51503CB2-FEDF-40B5-9C86-AEDD144E3066}.Release|Any CPU.Build.0 = Release|Any CPU
		{3BBD1C28-6093-4ADD-8794-CC5228F2B458}.Debug|Any CPU.ActiveCfg = Debug|Any CPU
		{3BBD1C28-6093-4ADD-8794-CC5228F2B458}.Debug|Any CPU.Build.0 = Debug|Any CPU
		{3BBD1C28-6093-4ADD-8794-CC5228F2B458}.Release|Any CPU.ActiveCfg = Release|Any CPU
		{3BBD1C28-6093-4ADD-8794-CC5228F2B458}.Release|Any CPU.Build.0 = Release|Any CPU
		{F3584412-8D24-4B19-B26D-11A076C06B7E}.Debug|Any CPU.ActiveCfg = Debug|Any CPU
		{F3584412-8D24-4B19-B26D-11A076C06B7E}.Debug|Any CPU.Build.0 = Debug|Any CPU
		{F3584412-8D24-4B19-B26D-11A076C06B7E}.Release|Any CPU.ActiveCfg = Release|Any CPU
		{F3584412-8D24-4B19-B26D-11A076C06B7E}.Release|Any CPU.Build.0 = Release|Any CPU
		{641E7D06-EB4A-4CE5-B605-EA17E6EACF6C}.Debug|Any CPU.ActiveCfg = Debug|Any CPU
		{641E7D06-EB4A-4CE5-B605-EA17E6EACF6C}.Debug|Any CPU.Build.0 = Debug|Any CPU
		{641E7D06-EB4A-4CE5-B605-EA17E6EACF6C}.Release|Any CPU.ActiveCfg = Release|Any CPU
		{641E7D06-EB4A-4CE5-B605-EA17E6EACF6C}.Release|Any CPU.Build.0 = Release|Any CPU
		{3AA39FCE-A0AA-453F-A0E7-C97A6978230A}.Debug|Any CPU.ActiveCfg = Debug|Any CPU
		{3AA39FCE-A0AA-453F-A0E7-C97A6978230A}.Debug|Any CPU.Build.0 = Debug|Any CPU
		{3AA39FCE-A0AA-453F-A0E7-C97A6978230A}.Release|Any CPU.ActiveCfg = Release|Any CPU
		{3AA39FCE-A0AA-453F-A0E7-C97A6978230A}.Release|Any CPU.Build.0 = Release|Any CPU
		{4B5494FF-8B14-42D1-91B7-00587BAF3248}.Debug|Any CPU.ActiveCfg = Debug|Any CPU
		{4B5494FF-8B14-42D1-91B7-00587BAF3248}.Debug|Any CPU.Build.0 = Debug|Any CPU
		{4B5494FF-8B14-42D1-91B7-00587BAF3248}.Release|Any CPU.ActiveCfg = Release|Any CPU
		{4B5494FF-8B14-42D1-91B7-00587BAF3248}.Release|Any CPU.Build.0 = Release|Any CPU
	EndGlobalSection
	GlobalSection(SolutionProperties) = preSolution
		HideSolutionNode = FALSE
	EndGlobalSection
	GlobalSection(NestedProjects) = preSolution
		{D1810FCB-FAAC-449E-9E3F-6C91D7D6A29D} = {A0902977-B2B7-43D1-ABB7-6E7151221D29}
		{0B83CF40-78B3-4E28-89CE-168E256D40AF} = {A0902977-B2B7-43D1-ABB7-6E7151221D29}
		{438EF4FF-706C-4BFC-8F14-BDC8F24F9F1B} = {A0902977-B2B7-43D1-ABB7-6E7151221D29}
		{85C72270-341A-4B9E-860C-7B62A8F67828} = {A0902977-B2B7-43D1-ABB7-6E7151221D29}
		{9F9D2850-9E09-4C60-AAEC-1A2D7CAF9374} = {A0902977-B2B7-43D1-ABB7-6E7151221D29}
		{9CB1FC4D-CBB4-4146-B9D7-789F2054D08F} = {A0902977-B2B7-43D1-ABB7-6E7151221D29}
		{51503CB2-FEDF-40B5-9C86-AEDD144E3066} = {A0902977-B2B7-43D1-ABB7-6E7151221D29}
		{3BBD1C28-6093-4ADD-8794-CC5228F2B458} = {1A692E71-7EAD-4B15-B74A-F604A13FED70}
		{F3584412-8D24-4B19-B26D-11A076C06B7E} = {1A692E71-7EAD-4B15-B74A-F604A13FED70}
		{641E7D06-EB4A-4CE5-B605-EA17E6EACF6C} = {1A692E71-7EAD-4B15-B74A-F604A13FED70}
		{3AA39FCE-A0AA-453F-A0E7-C97A6978230A} = {1A692E71-7EAD-4B15-B74A-F604A13FED70}
		{4B5494FF-8B14-42D1-91B7-00587BAF3248} = {1A692E71-7EAD-4B15-B74A-F604A13FED70}
	EndGlobalSection
	GlobalSection(ExtensibilityGlobals) = postSolution
		SolutionGuid = {881ABDB3-1A6C-40B7-A08E-9EC2F08F23F9}
	EndGlobalSection
EndGlobal
